
Microsoft Visual Studio Solution File, Format Version 12.00
# Visual Studio 2012
Project("{FAE04EC0-301F-11D3-BF4B-00C04F79EFBC}") = "jcBENCH2.windowsphone", "jcBENCH2.windowsphone\jcBENCH2.windowsphone.csproj", "{B1C530B3-CCA2-454F-94A8-B85000F3C7F7}"
EndProject
Project("{FAE04EC0-301F-11D3-BF4B-00C04F79EFBC}") = "jcBENCH2.library", "jcBENCH2.library\jcBENCH2.library.csproj", "{6D044766-740C-45A0-B25A-16991353BC63}"
EndProject
Project("{FAE04EC0-301F-11D3-BF4B-00C04F79EFBC}") = "jcBENCH2.android", "jcBENCH2.android\jcBENCH2.android.csproj", "{3A1D606F-3828-4237-97C6-A51CDEA1CDC4}"
EndProject
Project("{FAE04EC0-301F-11D3-BF4B-00C04F79EFBC}") = "jcBENCH2.wcf", "jcBENCH2.wcf\jcBENCH2.wcf.csproj", "{32FF6B92-145D-491D-A5E0-164073803B2E}"
EndProject
Project("{FAE04EC0-301F-11D3-BF4B-00C04F79EFBC}") = "jcBENCH2.datalayer", "jcBENCH2.datalayer\jcBENCH2.datalayer.csproj", "{AB6003C9-868A-4F79-992F-D46C42A88079}"
EndProject
Project("{FAE04EC0-301F-11D3-BF4B-00C04F79EFBC}") = "System.Net", "System.Net\System.Net.csproj", "{A15DB5CC-0176-49A1-A945-B5D9844333C9}"
EndProject
Project("{FAE04EC0-301F-11D3-BF4B-00C04F79EFBC}") = "jcBENCH2.wpf", "jcBENCH2.wpf\jcBENCH2.wpf.csproj", "{BBCA83F1-0AA2-48A1-AAF7-1913EB9DD799}"
EndProject
Global
	GlobalSection(SolutionConfigurationPlatforms) = preSolution
		Ad-Hoc|Any CPU = Ad-Hoc|Any CPU
		Ad-Hoc|ARM = Ad-Hoc|ARM
		Ad-Hoc|iPhone = Ad-Hoc|iPhone
		Ad-Hoc|iPhoneSimulator = Ad-Hoc|iPhoneSimulator
		Ad-Hoc|Mixed Platforms = Ad-Hoc|Mixed Platforms
		Ad-Hoc|x86 = Ad-Hoc|x86
		Android|Any CPU = Android|Any CPU
		Android|ARM = Android|ARM
		Android|iPhone = Android|iPhone
		Android|iPhoneSimulator = Android|iPhoneSimulator
		Android|Mixed Platforms = Android|Mixed Platforms
		Android|x86 = Android|x86
		AppStore|Any CPU = AppStore|Any CPU
		AppStore|ARM = AppStore|ARM
		AppStore|iPhone = AppStore|iPhone
		AppStore|iPhoneSimulator = AppStore|iPhoneSimulator
		AppStore|Mixed Platforms = AppStore|Mixed Platforms
		AppStore|x86 = AppStore|x86
		Debug|Any CPU = Debug|Any CPU
		Debug|ARM = Debug|ARM
		Debug|iPhone = Debug|iPhone
		Debug|iPhoneSimulator = Debug|iPhoneSimulator
		Debug|Mixed Platforms = Debug|Mixed Platforms
		Debug|x86 = Debug|x86
		Release|Any CPU = Release|Any CPU
		Release|ARM = Release|ARM
		Release|iPhone = Release|iPhone
		Release|iPhoneSimulator = Release|iPhoneSimulator
		Release|Mixed Platforms = Release|Mixed Platforms
		Release|x86 = Release|x86
	EndGlobalSection
	GlobalSection(ProjectConfigurationPlatforms) = postSolution
		{B1C530B3-CCA2-454F-94A8-B85000F3C7F7}.Ad-Hoc|Any CPU.ActiveCfg = Release|Any CPU
		{B1C530B3-CCA2-454F-94A8-B85000F3C7F7}.Ad-Hoc|Any CPU.Build.0 = Release|Any CPU
		{B1C530B3-CCA2-454F-94A8-B85000F3C7F7}.Ad-Hoc|Any CPU.Deploy.0 = Release|Any CPU
		{B1C530B3-CCA2-454F-94A8-B85000F3C7F7}.Ad-Hoc|ARM.ActiveCfg = Release|ARM
		{B1C530B3-CCA2-454F-94A8-B85000F3C7F7}.Ad-Hoc|ARM.Build.0 = Release|ARM
		{B1C530B3-CCA2-454F-94A8-B85000F3C7F7}.Ad-Hoc|ARM.Deploy.0 = Release|ARM
		{B1C530B3-CCA2-454F-94A8-B85000F3C7F7}.Ad-Hoc|iPhone.ActiveCfg = Release|Any CPU
		{B1C530B3-CCA2-454F-94A8-B85000F3C7F7}.Ad-Hoc|iPhoneSimulator.ActiveCfg = Release|Any CPU
		{B1C530B3-CCA2-454F-94A8-B85000F3C7F7}.Ad-Hoc|Mixed Platforms.ActiveCfg = Release|x86
		{B1C530B3-CCA2-454F-94A8-B85000F3C7F7}.Ad-Hoc|Mixed Platforms.Build.0 = Release|x86
		{B1C530B3-CCA2-454F-94A8-B85000F3C7F7}.Ad-Hoc|Mixed Platforms.Deploy.0 = Release|x86
		{B1C530B3-CCA2-454F-94A8-B85000F3C7F7}.Ad-Hoc|x86.ActiveCfg = Release|x86
		{B1C530B3-CCA2-454F-94A8-B85000F3C7F7}.Ad-Hoc|x86.Build.0 = Release|x86
		{B1C530B3-CCA2-454F-94A8-B85000F3C7F7}.Ad-Hoc|x86.Deploy.0 = Release|x86
		{B1C530B3-CCA2-454F-94A8-B85000F3C7F7}.Android|Any CPU.ActiveCfg = Debug|Any CPU
		{B1C530B3-CCA2-454F-94A8-B85000F3C7F7}.Android|Any CPU.Build.0 = Debug|Any CPU
		{B1C530B3-CCA2-454F-94A8-B85000F3C7F7}.Android|Any CPU.Deploy.0 = Debug|Any CPU
		{B1C530B3-CCA2-454F-94A8-B85000F3C7F7}.Android|ARM.ActiveCfg = Debug|ARM
		{B1C530B3-CCA2-454F-94A8-B85000F3C7F7}.Android|ARM.Build.0 = Debug|ARM
		{B1C530B3-CCA2-454F-94A8-B85000F3C7F7}.Android|ARM.Deploy.0 = Debug|ARM
		{B1C530B3-CCA2-454F-94A8-B85000F3C7F7}.Android|iPhone.ActiveCfg = Debug|Any CPU
		{B1C530B3-CCA2-454F-94A8-B85000F3C7F7}.Android|iPhoneSimulator.ActiveCfg = Debug|Any CPU
		{B1C530B3-CCA2-454F-94A8-B85000F3C7F7}.Android|Mixed Platforms.ActiveCfg = Debug|x86
		{B1C530B3-CCA2-454F-94A8-B85000F3C7F7}.Android|Mixed Platforms.Build.0 = Debug|x86
		{B1C530B3-CCA2-454F-94A8-B85000F3C7F7}.Android|Mixed Platforms.Deploy.0 = Debug|x86
		{B1C530B3-CCA2-454F-94A8-B85000F3C7F7}.Android|x86.ActiveCfg = Debug|x86
		{B1C530B3-CCA2-454F-94A8-B85000F3C7F7}.Android|x86.Build.0 = Debug|x86
		{B1C530B3-CCA2-454F-94A8-B85000F3C7F7}.Android|x86.Deploy.0 = Debug|x86
		{B1C530B3-CCA2-454F-94A8-B85000F3C7F7}.AppStore|Any CPU.ActiveCfg = Release|Any CPU
		{B1C530B3-CCA2-454F-94A8-B85000F3C7F7}.AppStore|Any CPU.Build.0 = Release|Any CPU
		{B1C530B3-CCA2-454F-94A8-B85000F3C7F7}.AppStore|Any CPU.Deploy.0 = Release|Any CPU
		{B1C530B3-CCA2-454F-94A8-B85000F3C7F7}.AppStore|ARM.ActiveCfg = Release|ARM
		{B1C530B3-CCA2-454F-94A8-B85000F3C7F7}.AppStore|ARM.Build.0 = Release|ARM
		{B1C530B3-CCA2-454F-94A8-B85000F3C7F7}.AppStore|ARM.Deploy.0 = Release|ARM
		{B1C530B3-CCA2-454F-94A8-B85000F3C7F7}.AppStore|iPhone.ActiveCfg = Release|Any CPU
		{B1C530B3-CCA2-454F-94A8-B85000F3C7F7}.AppStore|iPhoneSimulator.ActiveCfg = Release|Any CPU
		{B1C530B3-CCA2-454F-94A8-B85000F3C7F7}.AppStore|Mixed Platforms.ActiveCfg = Release|x86
		{B1C530B3-CCA2-454F-94A8-B85000F3C7F7}.AppStore|Mixed Platforms.Build.0 = Release|x86
		{B1C530B3-CCA2-454F-94A8-B85000F3C7F7}.AppStore|Mixed Platforms.Deploy.0 = Release|x86
		{B1C530B3-CCA2-454F-94A8-B85000F3C7F7}.AppStore|x86.ActiveCfg = Release|x86
		{B1C530B3-CCA2-454F-94A8-B85000F3C7F7}.AppStore|x86.Build.0 = Release|x86
		{B1C530B3-CCA2-454F-94A8-B85000F3C7F7}.AppStore|x86.Deploy.0 = Release|x86
		{B1C530B3-CCA2-454F-94A8-B85000F3C7F7}.Debug|Any CPU.ActiveCfg = Debug|Any CPU
		{B1C530B3-CCA2-454F-94A8-B85000F3C7F7}.Debug|Any CPU.Build.0 = Debug|Any CPU
		{B1C530B3-CCA2-454F-94A8-B85000F3C7F7}.Debug|Any CPU.Deploy.0 = Debug|Any CPU
		{B1C530B3-CCA2-454F-94A8-B85000F3C7F7}.Debug|ARM.ActiveCfg = Debug|ARM
		{B1C530B3-CCA2-454F-94A8-B85000F3C7F7}.Debug|ARM.Build.0 = Debug|ARM
		{B1C530B3-CCA2-454F-94A8-B85000F3C7F7}.Debug|ARM.Deploy.0 = Debug|ARM
		{B1C530B3-CCA2-454F-94A8-B85000F3C7F7}.Debug|iPhone.ActiveCfg = Debug|Any CPU
		{B1C530B3-CCA2-454F-94A8-B85000F3C7F7}.Debug|iPhoneSimulator.ActiveCfg = Debug|Any CPU
		{B1C530B3-CCA2-454F-94A8-B85000F3C7F7}.Debug|Mixed Platforms.ActiveCfg = Debug|x86
		{B1C530B3-CCA2-454F-94A8-B85000F3C7F7}.Debug|Mixed Platforms.Build.0 = Debug|x86
		{B1C530B3-CCA2-454F-94A8-B85000F3C7F7}.Debug|Mixed Platforms.Deploy.0 = Debug|x86
		{B1C530B3-CCA2-454F-94A8-B85000F3C7F7}.Debug|x86.ActiveCfg = Debug|x86
		{B1C530B3-CCA2-454F-94A8-B85000F3C7F7}.Release|Any CPU.ActiveCfg = Release|Any CPU
		{B1C530B3-CCA2-454F-94A8-B85000F3C7F7}.Release|Any CPU.Build.0 = Release|Any CPU
		{B1C530B3-CCA2-454F-94A8-B85000F3C7F7}.Release|Any CPU.Deploy.0 = Release|Any CPU
		{B1C530B3-CCA2-454F-94A8-B85000F3C7F7}.Release|ARM.ActiveCfg = Release|ARM
		{B1C530B3-CCA2-454F-94A8-B85000F3C7F7}.Release|ARM.Build.0 = Release|ARM
		{B1C530B3-CCA2-454F-94A8-B85000F3C7F7}.Release|ARM.Deploy.0 = Release|ARM
		{B1C530B3-CCA2-454F-94A8-B85000F3C7F7}.Release|iPhone.ActiveCfg = Release|Any CPU
		{B1C530B3-CCA2-454F-94A8-B85000F3C7F7}.Release|iPhoneSimulator.ActiveCfg = Release|Any CPU
		{B1C530B3-CCA2-454F-94A8-B85000F3C7F7}.Release|Mixed Platforms.ActiveCfg = Release|x86
		{B1C530B3-CCA2-454F-94A8-B85000F3C7F7}.Release|Mixed Platforms.Build.0 = Release|x86
		{B1C530B3-CCA2-454F-94A8-B85000F3C7F7}.Release|Mixed Platforms.Deploy.0 = Release|x86
		{B1C530B3-CCA2-454F-94A8-B85000F3C7F7}.Release|x86.ActiveCfg = Release|x86
		{B1C530B3-CCA2-454F-94A8-B85000F3C7F7}.Release|x86.Build.0 = Release|x86
		{B1C530B3-CCA2-454F-94A8-B85000F3C7F7}.Release|x86.Deploy.0 = Release|x86
		{6D044766-740C-45A0-B25A-16991353BC63}.Ad-Hoc|Any CPU.ActiveCfg = Release|Any CPU
		{6D044766-740C-45A0-B25A-16991353BC63}.Ad-Hoc|Any CPU.Build.0 = Release|Any CPU
		{6D044766-740C-45A0-B25A-16991353BC63}.Ad-Hoc|ARM.ActiveCfg = Release|Any CPU
		{6D044766-740C-45A0-B25A-16991353BC63}.Ad-Hoc|iPhone.ActiveCfg = Release|Any CPU
		{6D044766-740C-45A0-B25A-16991353BC63}.Ad-Hoc|iPhoneSimulator.ActiveCfg = Release|Any CPU
		{6D044766-740C-45A0-B25A-16991353BC63}.Ad-Hoc|Mixed Platforms.ActiveCfg = Release|Any CPU
		{6D044766-740C-45A0-B25A-16991353BC63}.Ad-Hoc|Mixed Platforms.Build.0 = Release|Any CPU
		{6D044766-740C-45A0-B25A-16991353BC63}.Ad-Hoc|x86.ActiveCfg = Release|Any CPU
		{6D044766-740C-45A0-B25A-16991353BC63}.Android|Any CPU.ActiveCfg = Debug|Any CPU
		{6D044766-740C-45A0-B25A-16991353BC63}.Android|Any CPU.Build.0 = Debug|Any CPU
		{6D044766-740C-45A0-B25A-16991353BC63}.Android|ARM.ActiveCfg = Debug|Any CPU
		{6D044766-740C-45A0-B25A-16991353BC63}.Android|iPhone.ActiveCfg = Debug|Any CPU
		{6D044766-740C-45A0-B25A-16991353BC63}.Android|iPhoneSimulator.ActiveCfg = Debug|Any CPU
		{6D044766-740C-45A0-B25A-16991353BC63}.Android|Mixed Platforms.ActiveCfg = Debug|Any CPU
		{6D044766-740C-45A0-B25A-16991353BC63}.Android|Mixed Platforms.Build.0 = Debug|Any CPU
		{6D044766-740C-45A0-B25A-16991353BC63}.Android|x86.ActiveCfg = Debug|Any CPU
		{6D044766-740C-45A0-B25A-16991353BC63}.AppStore|Any CPU.ActiveCfg = Release|Any CPU
		{6D044766-740C-45A0-B25A-16991353BC63}.AppStore|Any CPU.Build.0 = Release|Any CPU
		{6D044766-740C-45A0-B25A-16991353BC63}.AppStore|ARM.ActiveCfg = Release|Any CPU
		{6D044766-740C-45A0-B25A-16991353BC63}.AppStore|iPhone.ActiveCfg = Release|Any CPU
		{6D044766-740C-45A0-B25A-16991353BC63}.AppStore|iPhoneSimulator.ActiveCfg = Release|Any CPU
		{6D044766-740C-45A0-B25A-16991353BC63}.AppStore|Mixed Platforms.ActiveCfg = Release|Any CPU
		{6D044766-740C-45A0-B25A-16991353BC63}.AppStore|Mixed Platforms.Build.0 = Release|Any CPU
		{6D044766-740C-45A0-B25A-16991353BC63}.AppStore|x86.ActiveCfg = Release|Any CPU
		{6D044766-740C-45A0-B25A-16991353BC63}.Debug|Any CPU.ActiveCfg = Debug|Any CPU
		{6D044766-740C-45A0-B25A-16991353BC63}.Debug|Any CPU.Build.0 = Debug|Any CPU
		{6D044766-740C-45A0-B25A-16991353BC63}.Debug|ARM.ActiveCfg = Debug|Any CPU
		{6D044766-740C-45A0-B25A-16991353BC63}.Debug|ARM.Build.0 = Debug|Any CPU
		{6D044766-740C-45A0-B25A-16991353BC63}.Debug|iPhone.ActiveCfg = Debug|Any CPU
		{6D044766-740C-45A0-B25A-16991353BC63}.Debug|iPhoneSimulator.ActiveCfg = Debug|Any CPU
		{6D044766-740C-45A0-B25A-16991353BC63}.Debug|Mixed Platforms.ActiveCfg = Debug|Any CPU
		{6D044766-740C-45A0-B25A-16991353BC63}.Debug|Mixed Platforms.Build.0 = Debug|Any CPU
		{6D044766-740C-45A0-B25A-16991353BC63}.Debug|x86.ActiveCfg = Debug|Any CPU
		{6D044766-740C-45A0-B25A-16991353BC63}.Debug|x86.Build.0 = Debug|Any CPU
		{6D044766-740C-45A0-B25A-16991353BC63}.Release|Any CPU.ActiveCfg = Release|Any CPU
		{6D044766-740C-45A0-B25A-16991353BC63}.Release|Any CPU.Build.0 = Release|Any CPU
		{6D044766-740C-45A0-B25A-16991353BC63}.Release|ARM.ActiveCfg = Release|Any CPU
		{6D044766-740C-45A0-B25A-16991353BC63}.Release|iPhone.ActiveCfg = Release|Any CPU
		{6D044766-740C-45A0-B25A-16991353BC63}.Release|iPhoneSimulator.ActiveCfg = Release|Any CPU
		{6D044766-740C-45A0-B25A-16991353BC63}.Release|Mixed Platforms.ActiveCfg = Release|Any CPU
		{6D044766-740C-45A0-B25A-16991353BC63}.Release|Mixed Platforms.Build.0 = Release|Any CPU
		{6D044766-740C-45A0-B25A-16991353BC63}.Release|x86.ActiveCfg = Release|Any CPU
		{3A1D606F-3828-4237-97C6-A51CDEA1CDC4}.Ad-Hoc|Any CPU.ActiveCfg = Release|Any CPU
		{3A1D606F-3828-4237-97C6-A51CDEA1CDC4}.Ad-Hoc|Any CPU.Build.0 = Release|Any CPU
		{3A1D606F-3828-4237-97C6-A51CDEA1CDC4}.Ad-Hoc|Any CPU.Deploy.0 = Release|Any CPU
		{3A1D606F-3828-4237-97C6-A51CDEA1CDC4}.Ad-Hoc|ARM.ActiveCfg = Release|Any CPU
		{3A1D606F-3828-4237-97C6-A51CDEA1CDC4}.Ad-Hoc|iPhone.ActiveCfg = Release|Any CPU
		{3A1D606F-3828-4237-97C6-A51CDEA1CDC4}.Ad-Hoc|iPhoneSimulator.ActiveCfg = Release|Any CPU
		{3A1D606F-3828-4237-97C6-A51CDEA1CDC4}.Ad-Hoc|Mixed Platforms.ActiveCfg = Release|Any CPU
		{3A1D606F-3828-4237-97C6-A51CDEA1CDC4}.Ad-Hoc|Mixed Platforms.Build.0 = Release|Any CPU
		{3A1D606F-3828-4237-97C6-A51CDEA1CDC4}.Ad-Hoc|Mixed Platforms.Deploy.0 = Release|Any CPU
		{3A1D606F-3828-4237-97C6-A51CDEA1CDC4}.Ad-Hoc|x86.ActiveCfg = Release|Any CPU
		{3A1D606F-3828-4237-97C6-A51CDEA1CDC4}.Android|Any CPU.ActiveCfg = Debug|Any CPU
		{3A1D606F-3828-4237-97C6-A51CDEA1CDC4}.Android|Any CPU.Build.0 = Debug|Any CPU
		{3A1D606F-3828-4237-97C6-A51CDEA1CDC4}.Android|Any CPU.Deploy.0 = Debug|Any CPU
		{3A1D606F-3828-4237-97C6-A51CDEA1CDC4}.Android|ARM.ActiveCfg = Debug|Any CPU
		{3A1D606F-3828-4237-97C6-A51CDEA1CDC4}.Android|iPhone.ActiveCfg = Debug|Any CPU
		{3A1D606F-3828-4237-97C6-A51CDEA1CDC4}.Android|iPhoneSimulator.ActiveCfg = Debug|Any CPU
		{3A1D606F-3828-4237-97C6-A51CDEA1CDC4}.Android|Mixed Platforms.ActiveCfg = Debug|Any CPU
		{3A1D606F-3828-4237-97C6-A51CDEA1CDC4}.Android|Mixed Platforms.Build.0 = Debug|Any CPU
		{3A1D606F-3828-4237-97C6-A51CDEA1CDC4}.Android|Mixed Platforms.Deploy.0 = Debug|Any CPU
		{3A1D606F-3828-4237-97C6-A51CDEA1CDC4}.Android|x86.ActiveCfg = Debug|Any CPU
		{3A1D606F-3828-4237-97C6-A51CDEA1CDC4}.AppStore|Any CPU.ActiveCfg = Release|Any CPU
		{3A1D606F-3828-4237-97C6-A51CDEA1CDC4}.AppStore|Any CPU.Build.0 = Release|Any CPU
		{3A1D606F-3828-4237-97C6-A51CDEA1CDC4}.AppStore|Any CPU.Deploy.0 = Release|Any CPU
		{3A1D606F-3828-4237-97C6-A51CDEA1CDC4}.AppStore|ARM.ActiveCfg = Release|Any CPU
		{3A1D606F-3828-4237-97C6-A51CDEA1CDC4}.AppStore|iPhone.ActiveCfg = Release|Any CPU
		{3A1D606F-3828-4237-97C6-A51CDEA1CDC4}.AppStore|iPhoneSimulator.ActiveCfg = Release|Any CPU
		{3A1D606F-3828-4237-97C6-A51CDEA1CDC4}.AppStore|Mixed Platforms.ActiveCfg = Release|Any CPU
		{3A1D606F-3828-4237-97C6-A51CDEA1CDC4}.AppStore|Mixed Platforms.Build.0 = Release|Any CPU
		{3A1D606F-3828-4237-97C6-A51CDEA1CDC4}.AppStore|Mixed Platforms.Deploy.0 = Release|Any CPU
		{3A1D606F-3828-4237-97C6-A51CDEA1CDC4}.AppStore|x86.ActiveCfg = Release|Any CPU
		{3A1D606F-3828-4237-97C6-A51CDEA1CDC4}.Debug|Any CPU.ActiveCfg = Debug|Any CPU
		{3A1D606F-3828-4237-97C6-A51CDEA1CDC4}.Debug|Any CPU.Build.0 = Debug|Any CPU
		{3A1D606F-3828-4237-97C6-A51CDEA1CDC4}.Debug|Any CPU.Deploy.0 = Debug|Any CPU
		{3A1D606F-3828-4237-97C6-A51CDEA1CDC4}.Debug|ARM.ActiveCfg = Debug|Any CPU
		{3A1D606F-3828-4237-97C6-A51CDEA1CDC4}.Debug|ARM.Build.0 = Debug|Any CPU
		{3A1D606F-3828-4237-97C6-A51CDEA1CDC4}.Debug|iPhone.ActiveCfg = Debug|Any CPU
		{3A1D606F-3828-4237-97C6-A51CDEA1CDC4}.Debug|iPhoneSimulator.ActiveCfg = Debug|Any CPU
		{3A1D606F-3828-4237-97C6-A51CDEA1CDC4}.Debug|Mixed Platforms.ActiveCfg = Debug|Any CPU
		{3A1D606F-3828-4237-97C6-A51CDEA1CDC4}.Debug|Mixed Platforms.Build.0 = Debug|Any CPU
		{3A1D606F-3828-4237-97C6-A51CDEA1CDC4}.Debug|Mixed Platforms.Deploy.0 = Debug|Any CPU
		{3A1D606F-3828-4237-97C6-A51CDEA1CDC4}.Debug|x86.ActiveCfg = Debug|Any CPU
		{3A1D606F-3828-4237-97C6-A51CDEA1CDC4}.Release|Any CPU.ActiveCfg = Release|Any CPU
		{3A1D606F-3828-4237-97C6-A51CDEA1CDC4}.Release|Any CPU.Build.0 = Release|Any CPU
		{3A1D606F-3828-4237-97C6-A51CDEA1CDC4}.Release|Any CPU.Deploy.0 = Release|Any CPU
		{3A1D606F-3828-4237-97C6-A51CDEA1CDC4}.Release|ARM.ActiveCfg = Release|Any CPU
		{3A1D606F-3828-4237-97C6-A51CDEA1CDC4}.Release|iPhone.ActiveCfg = Release|Any CPU
		{3A1D606F-3828-4237-97C6-A51CDEA1CDC4}.Release|iPhoneSimulator.ActiveCfg = Release|Any CPU
		{3A1D606F-3828-4237-97C6-A51CDEA1CDC4}.Release|Mixed Platforms.ActiveCfg = Release|Any CPU
		{3A1D606F-3828-4237-97C6-A51CDEA1CDC4}.Release|Mixed Platforms.Build.0 = Release|Any CPU
		{3A1D606F-3828-4237-97C6-A51CDEA1CDC4}.Release|Mixed Platforms.Deploy.0 = Release|Any CPU
		{3A1D606F-3828-4237-97C6-A51CDEA1CDC4}.Release|x86.ActiveCfg = Release|Any CPU
		{32FF6B92-145D-491D-A5E0-164073803B2E}.Ad-Hoc|Any CPU.ActiveCfg = Release|Any CPU
		{32FF6B92-145D-491D-A5E0-164073803B2E}.Ad-Hoc|Any CPU.Build.0 = Release|Any CPU
		{32FF6B92-145D-491D-A5E0-164073803B2E}.Ad-Hoc|ARM.ActiveCfg = Release|Any CPU
		{32FF6B92-145D-491D-A5E0-164073803B2E}.Ad-Hoc|iPhone.ActiveCfg = Release|Any CPU
		{32FF6B92-145D-491D-A5E0-164073803B2E}.Ad-Hoc|iPhoneSimulator.ActiveCfg = Release|Any CPU
		{32FF6B92-145D-491D-A5E0-164073803B2E}.Ad-Hoc|Mixed Platforms.ActiveCfg = Release|Any CPU
		{32FF6B92-145D-491D-A5E0-164073803B2E}.Ad-Hoc|Mixed Platforms.Build.0 = Release|Any CPU
		{32FF6B92-145D-491D-A5E0-164073803B2E}.Ad-Hoc|x86.ActiveCfg = Release|Any CPU
		{32FF6B92-145D-491D-A5E0-164073803B2E}.Android|Any CPU.ActiveCfg = Release|Any CPU
		{32FF6B92-145D-491D-A5E0-164073803B2E}.Android|Any CPU.Build.0 = Release|Any CPU
		{32FF6B92-145D-491D-A5E0-164073803B2E}.Android|ARM.ActiveCfg = Release|Any CPU
		{32FF6B92-145D-491D-A5E0-164073803B2E}.Android|iPhone.ActiveCfg = Release|Any CPU
		{32FF6B92-145D-491D-A5E0-164073803B2E}.Android|iPhoneSimulator.ActiveCfg = Release|Any CPU
		{32FF6B92-145D-491D-A5E0-164073803B2E}.Android|Mixed Platforms.ActiveCfg = Release|Any CPU
		{32FF6B92-145D-491D-A5E0-164073803B2E}.Android|Mixed Platforms.Build.0 = Release|Any CPU
		{32FF6B92-145D-491D-A5E0-164073803B2E}.Android|x86.ActiveCfg = Release|Any CPU
		{32FF6B92-145D-491D-A5E0-164073803B2E}.AppStore|Any CPU.ActiveCfg = Release|Any CPU
		{32FF6B92-145D-491D-A5E0-164073803B2E}.AppStore|Any CPU.Build.0 = Release|Any CPU
		{32FF6B92-145D-491D-A5E0-164073803B2E}.AppStore|ARM.ActiveCfg = Release|Any CPU
		{32FF6B92-145D-491D-A5E0-164073803B2E}.AppStore|iPhone.ActiveCfg = Release|Any CPU
		{32FF6B92-145D-491D-A5E0-164073803B2E}.AppStore|iPhoneSimulator.ActiveCfg = Release|Any CPU
		{32FF6B92-145D-491D-A5E0-164073803B2E}.AppStore|Mixed Platforms.ActiveCfg = Release|Any CPU
		{32FF6B92-145D-491D-A5E0-164073803B2E}.AppStore|Mixed Platforms.Build.0 = Release|Any CPU
		{32FF6B92-145D-491D-A5E0-164073803B2E}.AppStore|x86.ActiveCfg = Release|Any CPU
		{32FF6B92-145D-491D-A5E0-164073803B2E}.Debug|Any CPU.ActiveCfg = Debug|Any CPU
		{32FF6B92-145D-491D-A5E0-164073803B2E}.Debug|Any CPU.Build.0 = Debug|Any CPU
		{32FF6B92-145D-491D-A5E0-164073803B2E}.Debug|ARM.ActiveCfg = Debug|Any CPU
		{32FF6B92-145D-491D-A5E0-164073803B2E}.Debug|ARM.Build.0 = Debug|Any CPU
		{32FF6B92-145D-491D-A5E0-164073803B2E}.Debug|iPhone.ActiveCfg = Debug|Any CPU
		{32FF6B92-145D-491D-A5E0-164073803B2E}.Debug|iPhoneSimulator.ActiveCfg = Debug|Any CPU
		{32FF6B92-145D-491D-A5E0-164073803B2E}.Debug|Mixed Platforms.ActiveCfg = Debug|Any CPU
		{32FF6B92-145D-491D-A5E0-164073803B2E}.Debug|Mixed Platforms.Build.0 = Debug|Any CPU
		{32FF6B92-145D-491D-A5E0-164073803B2E}.Debug|x86.ActiveCfg = Debug|Any CPU
		{32FF6B92-145D-491D-A5E0-164073803B2E}.Release|Any CPU.ActiveCfg = Release|Any CPU
		{32FF6B92-145D-491D-A5E0-164073803B2E}.Release|Any CPU.Build.0 = Release|Any CPU
		{32FF6B92-145D-491D-A5E0-164073803B2E}.Release|ARM.ActiveCfg = Release|Any CPU
		{32FF6B92-145D-491D-A5E0-164073803B2E}.Release|iPhone.ActiveCfg = Release|Any CPU
		{32FF6B92-145D-491D-A5E0-164073803B2E}.Release|iPhoneSimulator.ActiveCfg = Release|Any CPU
		{32FF6B92-145D-491D-A5E0-164073803B2E}.Release|Mixed Platforms.ActiveCfg = Release|Any CPU
		{32FF6B92-145D-491D-A5E0-164073803B2E}.Release|Mixed Platforms.Build.0 = Release|Any CPU
		{32FF6B92-145D-491D-A5E0-164073803B2E}.Release|x86.ActiveCfg = Release|Any CPU
		{AB6003C9-868A-4F79-992F-D46C42A88079}.Ad-Hoc|Any CPU.ActiveCfg = Release|Any CPU
		{AB6003C9-868A-4F79-992F-D46C42A88079}.Ad-Hoc|Any CPU.Build.0 = Release|Any CPU
		{AB6003C9-868A-4F79-992F-D46C42A88079}.Ad-Hoc|ARM.ActiveCfg = Release|Any CPU
		{AB6003C9-868A-4F79-992F-D46C42A88079}.Ad-Hoc|iPhone.ActiveCfg = Release|Any CPU
		{AB6003C9-868A-4F79-992F-D46C42A88079}.Ad-Hoc|iPhoneSimulator.ActiveCfg = Release|Any CPU
		{AB6003C9-868A-4F79-992F-D46C42A88079}.Ad-Hoc|Mixed Platforms.ActiveCfg = Release|Any CPU
		{AB6003C9-868A-4F79-992F-D46C42A88079}.Ad-Hoc|Mixed Platforms.Build.0 = Release|Any CPU
		{AB6003C9-868A-4F79-992F-D46C42A88079}.Ad-Hoc|x86.ActiveCfg = Release|Any CPU
		{AB6003C9-868A-4F79-992F-D46C42A88079}.Android|Any CPU.ActiveCfg = Release|Any CPU
		{AB6003C9-868A-4F79-992F-D46C42A88079}.Android|Any CPU.Build.0 = Release|Any CPU
		{AB6003C9-868A-4F79-992F-D46C42A88079}.Android|ARM.ActiveCfg = Release|Any CPU
		{AB6003C9-868A-4F79-992F-D46C42A88079}.Android|iPhone.ActiveCfg = Release|Any CPU
		{AB6003C9-868A-4F79-992F-D46C42A88079}.Android|iPhoneSimulator.ActiveCfg = Release|Any CPU
		{AB6003C9-868A-4F79-992F-D46C42A88079}.Android|Mixed Platforms.ActiveCfg = Release|Any CPU
		{AB6003C9-868A-4F79-992F-D46C42A88079}.Android|Mixed Platforms.Build.0 = Release|Any CPU
		{AB6003C9-868A-4F79-992F-D46C42A88079}.Android|x86.ActiveCfg = Release|Any CPU
		{AB6003C9-868A-4F79-992F-D46C42A88079}.AppStore|Any CPU.ActiveCfg = Release|Any CPU
		{AB6003C9-868A-4F79-992F-D46C42A88079}.AppStore|Any CPU.Build.0 = Release|Any CPU
		{AB6003C9-868A-4F79-992F-D46C42A88079}.AppStore|ARM.ActiveCfg = Release|Any CPU
		{AB6003C9-868A-4F79-992F-D46C42A88079}.AppStore|iPhone.ActiveCfg = Release|Any CPU
		{AB6003C9-868A-4F79-992F-D46C42A88079}.AppStore|iPhoneSimulator.ActiveCfg = Release|Any CPU
		{AB6003C9-868A-4F79-992F-D46C42A88079}.AppStore|Mixed Platforms.ActiveCfg = Release|Any CPU
		{AB6003C9-868A-4F79-992F-D46C42A88079}.AppStore|Mixed Platforms.Build.0 = Release|Any CPU
		{AB6003C9-868A-4F79-992F-D46C42A88079}.AppStore|x86.ActiveCfg = Release|Any CPU
		{AB6003C9-868A-4F79-992F-D46C42A88079}.Debug|Any CPU.ActiveCfg = Debug|Any CPU
		{AB6003C9-868A-4F79-992F-D46C42A88079}.Debug|Any CPU.Build.0 = Debug|Any CPU
		{AB6003C9-868A-4F79-992F-D46C42A88079}.Debug|ARM.ActiveCfg = Debug|Any CPU
		{AB6003C9-868A-4F79-992F-D46C42A88079}.Debug|ARM.Build.0 = Debug|Any CPU
		{AB6003C9-868A-4F79-992F-D46C42A88079}.Debug|iPhone.ActiveCfg = Debug|Any CPU
		{AB6003C9-868A-4F79-992F-D46C42A88079}.Debug|iPhoneSimulator.ActiveCfg = Debug|Any CPU
		{AB6003C9-868A-4F79-992F-D46C42A88079}.Debug|Mixed Platforms.ActiveCfg = Debug|Any CPU
		{AB6003C9-868A-4F79-992F-D46C42A88079}.Debug|Mixed Platforms.Build.0 = Debug|Any CPU
		{AB6003C9-868A-4F79-992F-D46C42A88079}.Debug|x86.ActiveCfg = Debug|Any CPU
		{AB6003C9-868A-4F79-992F-D46C42A88079}.Release|Any CPU.ActiveCfg = Release|Any CPU
		{AB6003C9-868A-4F79-992F-D46C42A88079}.Release|Any CPU.Build.0 = Release|Any CPU
		{AB6003C9-868A-4F79-992F-D46C42A88079}.Release|ARM.ActiveCfg = Release|Any CPU
		{AB6003C9-868A-4F79-992F-D46C42A88079}.Release|iPhone.ActiveCfg = Release|Any CPU
		{AB6003C9-868A-4F79-992F-D46C42A88079}.Release|iPhoneSimulator.ActiveCfg = Release|Any CPU
		{AB6003C9-868A-4F79-992F-D46C42A88079}.Release|Mixed Platforms.ActiveCfg = Release|Any CPU
		{AB6003C9-868A-4F79-992F-D46C42A88079}.Release|Mixed Platforms.Build.0 = Release|Any CPU
		{AB6003C9-868A-4F79-992F-D46C42A88079}.Release|x86.ActiveCfg = Release|Any CPU
		{A15DB5CC-0176-49A1-A945-B5D9844333C9}.Ad-Hoc|Any CPU.ActiveCfg = Android|Any CPU
		{A15DB5CC-0176-49A1-A945-B5D9844333C9}.Ad-Hoc|Any CPU.Build.0 = Android|Any CPU
		{A15DB5CC-0176-49A1-A945-B5D9844333C9}.Ad-Hoc|ARM.ActiveCfg = Android|Any CPU
		{A15DB5CC-0176-49A1-A945-B5D9844333C9}.Ad-Hoc|iPhone.ActiveCfg = Android|Any CPU
		{A15DB5CC-0176-49A1-A945-B5D9844333C9}.Ad-Hoc|iPhoneSimulator.ActiveCfg = Android|Any CPU
		{A15DB5CC-0176-49A1-A945-B5D9844333C9}.Ad-Hoc|Mixed Platforms.ActiveCfg = Android|Any CPU
		{A15DB5CC-0176-49A1-A945-B5D9844333C9}.Ad-Hoc|Mixed Platforms.Build.0 = Android|Any CPU
		{A15DB5CC-0176-49A1-A945-B5D9844333C9}.Ad-Hoc|x86.ActiveCfg = Android|Any CPU
		{A15DB5CC-0176-49A1-A945-B5D9844333C9}.Android|Any CPU.ActiveCfg = Android|Any CPU
		{A15DB5CC-0176-49A1-A945-B5D9844333C9}.Android|Any CPU.Build.0 = Android|Any CPU
		{A15DB5CC-0176-49A1-A945-B5D9844333C9}.Android|ARM.ActiveCfg = Android|Any CPU
		{A15DB5CC-0176-49A1-A945-B5D9844333C9}.Android|iPhone.ActiveCfg = Android|Any CPU
		{A15DB5CC-0176-49A1-A945-B5D9844333C9}.Android|iPhoneSimulator.ActiveCfg = Android|Any CPU
		{A15DB5CC-0176-49A1-A945-B5D9844333C9}.Android|Mixed Platforms.ActiveCfg = Android|Any CPU
		{A15DB5CC-0176-49A1-A945-B5D9844333C9}.Android|Mixed Platforms.Build.0 = Android|Any CPU
		{A15DB5CC-0176-49A1-A945-B5D9844333C9}.Android|x86.ActiveCfg = Android|Any CPU
		{A15DB5CC-0176-49A1-A945-B5D9844333C9}.AppStore|Any CPU.ActiveCfg = Android|Any CPU
		{A15DB5CC-0176-49A1-A945-B5D9844333C9}.AppStore|Any CPU.Build.0 = Android|Any CPU
		{A15DB5CC-0176-49A1-A945-B5D9844333C9}.AppStore|ARM.ActiveCfg = Android|Any CPU
		{A15DB5CC-0176-49A1-A945-B5D9844333C9}.AppStore|iPhone.ActiveCfg = Android|Any CPU
		{A15DB5CC-0176-49A1-A945-B5D9844333C9}.AppStore|iPhoneSimulator.ActiveCfg = Android|Any CPU
		{A15DB5CC-0176-49A1-A945-B5D9844333C9}.AppStore|Mixed Platforms.ActiveCfg = Android|Any CPU
		{A15DB5CC-0176-49A1-A945-B5D9844333C9}.AppStore|Mixed Platforms.Build.0 = Android|Any CPU
		{A15DB5CC-0176-49A1-A945-B5D9844333C9}.AppStore|x86.ActiveCfg = Android|Any CPU
		{A15DB5CC-0176-49A1-A945-B5D9844333C9}.Debug|Any CPU.ActiveCfg = Debug|Any CPU
		{A15DB5CC-0176-49A1-A945-B5D9844333C9}.Debug|Any CPU.Build.0 = Debug|Any CPU
		{A15DB5CC-0176-49A1-A945-B5D9844333C9}.Debug|ARM.ActiveCfg = Debug|Any CPU
		{A15DB5CC-0176-49A1-A945-B5D9844333C9}.Debug|ARM.Build.0 = Debug|Any CPU
		{A15DB5CC-0176-49A1-A945-B5D9844333C9}.Debug|iPhone.ActiveCfg = Debug|Any CPU
		{A15DB5CC-0176-49A1-A945-B5D9844333C9}.Debug|iPhoneSimulator.ActiveCfg = Debug|Any CPU
		{A15DB5CC-0176-49A1-A945-B5D9844333C9}.Debug|Mixed Platforms.ActiveCfg = Debug|Any CPU
		{A15DB5CC-0176-49A1-A945-B5D9844333C9}.Debug|Mixed Platforms.Build.0 = Debug|Any CPU
		{A15DB5CC-0176-49A1-A945-B5D9844333C9}.Debug|x86.ActiveCfg = Debug|Any CPU
		{A15DB5CC-0176-49A1-A945-B5D9844333C9}.Release|Any CPU.ActiveCfg = Release|Any CPU
		{A15DB5CC-0176-49A1-A945-B5D9844333C9}.Release|Any CPU.Build.0 = Release|Any CPU
		{A15DB5CC-0176-49A1-A945-B5D9844333C9}.Release|ARM.ActiveCfg = Release|Any CPU
		{A15DB5CC-0176-49A1-A945-B5D9844333C9}.Release|iPhone.ActiveCfg = Release|Any CPU
		{A15DB5CC-0176-49A1-A945-B5D9844333C9}.Release|iPhoneSimulator.ActiveCfg = Release|Any CPU
		{A15DB5CC-0176-49A1-A945-B5D9844333C9}.Release|Mixed Platforms.ActiveCfg = Release|Any CPU
		{A15DB5CC-0176-49A1-A945-B5D9844333C9}.Release|Mixed Platforms.Build.0 = Release|Any CPU
		{A15DB5CC-0176-49A1-A945-B5D9844333C9}.Release|x86.ActiveCfg = Release|Any CPU
		{BBCA83F1-0AA2-48A1-AAF7-1913EB9DD799}.Ad-Hoc|Any CPU.ActiveCfg = Release|Any CPU
		{BBCA83F1-0AA2-48A1-AAF7-1913EB9DD799}.Ad-Hoc|Any CPU.Build.0 = Release|Any CPU
		{BBCA83F1-0AA2-48A1-AAF7-1913EB9DD799}.Ad-Hoc|ARM.ActiveCfg = Release|Any CPU
		{BBCA83F1-0AA2-48A1-AAF7-1913EB9DD799}.Ad-Hoc|iPhone.ActiveCfg = Release|Any CPU
		{BBCA83F1-0AA2-48A1-AAF7-1913EB9DD799}.Ad-Hoc|iPhoneSimulator.ActiveCfg = Release|Any CPU
		{BBCA83F1-0AA2-48A1-AAF7-1913EB9DD799}.Ad-Hoc|Mixed Platforms.ActiveCfg = Release|Any CPU
		{BBCA83F1-0AA2-48A1-AAF7-1913EB9DD799}.Ad-Hoc|Mixed Platforms.Build.0 = Release|Any CPU
		{BBCA83F1-0AA2-48A1-AAF7-1913EB9DD799}.Ad-Hoc|x86.ActiveCfg = Release|Any CPU
		{BBCA83F1-0AA2-48A1-AAF7-1913EB9DD799}.Android|Any CPU.ActiveCfg = Release|Any CPU
		{BBCA83F1-0AA2-48A1-AAF7-1913EB9DD799}.Android|Any CPU.Build.0 = Release|Any CPU
		{BBCA83F1-0AA2-48A1-AAF7-1913EB9DD799}.Android|ARM.ActiveCfg = Release|Any CPU
		{BBCA83F1-0AA2-48A1-AAF7-1913EB9DD799}.Android|iPhone.ActiveCfg = Release|Any CPU
		{BBCA83F1-0AA2-48A1-AAF7-1913EB9DD799}.Android|iPhoneSimulator.ActiveCfg = Release|Any CPU
		{BBCA83F1-0AA2-48A1-AAF7-1913EB9DD799}.Android|Mixed Platforms.ActiveCfg = Release|Any CPU
		{BBCA83F1-0AA2-48A1-AAF7-1913EB9DD799}.Android|Mixed Platforms.Build.0 = Release|Any CPU
		{BBCA83F1-0AA2-48A1-AAF7-1913EB9DD799}.Android|x86.ActiveCfg = Release|Any CPU
		{BBCA83F1-0AA2-48A1-AAF7-1913EB9DD799}.AppStore|Any CPU.ActiveCfg = Release|Any CPU
		{BBCA83F1-0AA2-48A1-AAF7-1913EB9DD799}.AppStore|Any CPU.Build.0 = Release|Any CPU
		{BBCA83F1-0AA2-48A1-AAF7-1913EB9DD799}.AppStore|ARM.ActiveCfg = Release|Any CPU
		{BBCA83F1-0AA2-48A1-AAF7-1913EB9DD799}.AppStore|iPhone.ActiveCfg = Release|Any CPU
		{BBCA83F1-0AA2-48A1-AAF7-1913EB9DD799}.AppStore|iPhoneSimulator.ActiveCfg = Release|Any CPU
		{BBCA83F1-0AA2-48A1-AAF7-1913EB9DD799}.AppStore|Mixed Platforms.ActiveCfg = Release|Any CPU
		{BBCA83F1-0AA2-48A1-AAF7-1913EB9DD799}.AppStore|Mixed Platforms.Build.0 = Release|Any CPU
		{BBCA83F1-0AA2-48A1-AAF7-1913EB9DD799}.AppStore|x86.ActiveCfg = Release|Any CPU
		{BBCA83F1-0AA2-48A1-AAF7-1913EB9DD799}.Debug|Any CPU.ActiveCfg = Debug|Any CPU
		{BBCA83F1-0AA2-48A1-AAF7-1913EB9DD799}.Debug|Any CPU.Build.0 = Debug|Any CPU
		{BBCA83F1-0AA2-48A1-AAF7-1913EB9DD799}.Debug|ARM.ActiveCfg = Debug|Any CPU
		{BBCA83F1-0AA2-48A1-AAF7-1913EB9DD799}.Debug|iPhone.ActiveCfg = Debug|Any CPU
		{BBCA83F1-0AA2-48A1-AAF7-1913EB9DD799}.Debug|iPhoneSimulator.ActiveCfg = Debug|Any CPU
		{BBCA83F1-0AA2-48A1-AAF7-1913EB9DD799}.Debug|Mixed Platforms.ActiveCfg = Debug|Any CPU
		{BBCA83F1-0AA2-48A1-AAF7-1913EB9DD799}.Debug|Mixed Platforms.Build.0 = Debug|Any CPU
		{BBCA83F1-0AA2-48A1-AAF7-1913EB9DD799}.Debug|x86.ActiveCfg = Debug|Any CPU
		{BBCA83F1-0AA2-48A1-AAF7-1913EB9DD799}.Release|Any CPU.ActiveCfg = Release|Any CPU
		{BBCA83F1-0AA2-48A1-AAF7-1913EB9DD799}.Release|Any CPU.Build.0 = Release|Any CPU
		{BBCA83F1-0AA2-48A1-AAF7-1913EB9DD799}.Release|ARM.ActiveCfg = Release|Any CPU
		{BBCA83F1-0AA2-48A1-AAF7-1913EB9DD799}.Release|iPhone.ActiveCfg = Release|Any CPU
		{BBCA83F1-0AA2-48A1-AAF7-1913EB9DD799}.Release|iPhoneSimulator.ActiveCfg = Release|Any CPU
		{BBCA83F1-0AA2-48A1-AAF7-1913EB9DD799}.Release|Mixed Platforms.ActiveCfg = Release|Any CPU
		{BBCA83F1-0AA2-48A1-AAF7-1913EB9DD799}.Release|Mixed Platforms.Build.0 = Release|Any CPU
		{BBCA83F1-0AA2-48A1-AAF7-1913EB9DD799}.Release|x86.ActiveCfg = Release|Any CPU
	EndGlobalSection
	GlobalSection(SolutionProperties) = preSolution
		HideSolutionNode = FALSE
	EndGlobalSection
EndGlobal
